
Microsoft Visual Studio Solution File, Format Version 12.00
# Visual Studio 2012
Project("{FAE04EC0-301F-11D3-BF4B-00C04F79EFBC}") = "relationsystem_Xamarin", "relationsystem_Xamarin\relationsystem_Xamarin.csproj", "{009DA71E-AB40-4FFE-BE8C-E9F9AAFE6EBE}"
EndProject
Global
	GlobalSection(SolutionConfigurationPlatforms) = preSolution
		Debug|x86 = Debug|x86
		Release|x86 = Release|x86
	EndGlobalSection
	GlobalSection(ProjectConfigurationPlatforms) = postSolution
		{009DA71E-AB40-4FFE-BE8C-E9F9AAFE6EBE}.Debug|x86.ActiveCfg = Debug|x86
		{009DA71E-AB40-4FFE-BE8C-E9F9AAFE6EBE}.Debug|x86.Build.0 = Debug|x86
		{009DA71E-AB40-4FFE-BE8C-E9F9AAFE6EBE}.Release|x86.ActiveCfg = Release|x86
		{009DA71E-AB40-4FFE-BE8C-E9F9AAFE6EBE}.Release|x86.Build.0 = Release|x86
	EndGlobalSection
EndGlobal
